
Microsoft Visual Studio Solution File, Format Version 12.00
Project("{FAE04EC0-301F-11D3-BF4B-00C04F79EFBC}") = "CF_Solution_Downloader", "CF_Solution_Downloader.csproj", "{A140C5EC-27F1-4496-AC93-66D95E1080D0}"
EndProject
Global
	GlobalSection(SolutionConfigurationPlatforms) = preSolution
		Debug|Any CPU = Debug|Any CPU
		Release|Any CPU = Release|Any CPU
	EndGlobalSection
	GlobalSection(ProjectConfigurationPlatforms) = postSolution
		{A140C5EC-27F1-4496-AC93-66D95E1080D0}.Debug|Any CPU.ActiveCfg = Debug|Any CPU
		{A140C5EC-27F1-4496-AC93-66D95E1080D0}.Debug|Any CPU.Build.0 = Debug|Any CPU
		{A140C5EC-27F1-4496-AC93-66D95E1080D0}.Release|Any CPU.ActiveCfg = Release|Any CPU
		{A140C5EC-27F1-4496-AC93-66D95E1080D0}.Release|Any CPU.Build.0 = Release|Any CPU
	EndGlobalSection
EndGlobal
